
Microsoft Visual Studio Solution File, Format Version 12.00
# Visual Studio 2013
VisualStudioVersion = 12.0.21005.1
MinimumVisualStudioVersion = 10.0.40219.1
Project("{FAE04EC0-301F-11D3-BF4B-00C04F79EFBC}") = "WebApi_Service", "WebApi_Service\WebApi_Service.csproj", "{422CBEBE-0FC6-4F3D-9E24-1608B2202E74}"
EndProject
Project("{FAE04EC0-301F-11D3-BF4B-00C04F79EFBC}") = "WPF_ModernChart_Client", "WPF_ModernChart_Client\WPF_ModernChart_Client.csproj", "{11751AA8-2EF6-4DCA-BB6E-BD4E9AB3559E}"
EndProject
Global
	GlobalSection(SolutionConfigurationPlatforms) = preSolution
		Debug|Any CPU = Debug|Any CPU
		Release|Any CPU = Release|Any CPU
	EndGlobalSection
	GlobalSection(ProjectConfigurationPlatforms) = postSolution
		{422CBEBE-0FC6-4F3D-9E24-1608B2202E74}.Debug|Any CPU.ActiveCfg = Debug|Any CPU
		{422CBEBE-0FC6-4F3D-9E24-1608B2202E74}.Debug|Any CPU.Build.0 = Debug|Any CPU
		{422CBEBE-0FC6-4F3D-9E24-1608B2202E74}.Release|Any CPU.ActiveCfg = Release|Any CPU
		{422CBEBE-0FC6-4F3D-9E24-1608B2202E74}.Release|Any CPU.Build.0 = Release|Any CPU
		{11751AA8-2EF6-4DCA-BB6E-BD4E9AB3559E}.Debug|Any CPU.ActiveCfg = Debug|Any CPU
		{11751AA8-2EF6-4DCA-BB6E-BD4E9AB3559E}.Debug|Any CPU.Build.0 = Debug|Any CPU
		{11751AA8-2EF6-4DCA-BB6E-BD4E9AB3559E}.Release|Any CPU.ActiveCfg = Release|Any CPU
		{11751AA8-2EF6-4DCA-BB6E-BD4E9AB3559E}.Release|Any CPU.Build.0 = Release|Any CPU
	EndGlobalSection
	GlobalSection(SolutionProperties) = preSolution
		HideSolutionNode = FALSE
	EndGlobalSection
EndGlobal
